// !$*UTF8*$!
{
	archiveVersion = 1;
	classes = {
	};
	objectVersion = 48;
	objects = {

/* Begin PBXBuildFile section */
		746DF578571205D17056C65C /* Pods_photo_city.framework in Frameworks */ = {isa = PBXBuildFile; fileRef = 8677A7011A5C6147155E5A25 /* Pods_photo_city.framework */; };
		E84DCCEB1FA6F11300A735E5 /* AppDelegate.swift in Sources */ = {isa = PBXBuildFile; fileRef = E84DCCEA1FA6F11300A735E5 /* AppDelegate.swift */; };
		E84DCCED1FA6F11300A735E5 /* MapVC.swift in Sources */ = {isa = PBXBuildFile; fileRef = E84DCCEC1FA6F11300A735E5 /* MapVC.swift */; };
		E84DCCF01FA6F11300A735E5 /* Main.storyboard in Resources */ = {isa = PBXBuildFile; fileRef = E84DCCEE1FA6F11300A735E5 /* Main.storyboard */; };
		E84DCCF21FA6F11300A735E5 /* Assets.xcassets in Resources */ = {isa = PBXBuildFile; fileRef = E84DCCF11FA6F11300A735E5 /* Assets.xcassets */; };
		E84DCCF51FA6F11300A735E5 /* LaunchScreen.storyboard in Resources */ = {isa = PBXBuildFile; fileRef = E84DCCF31FA6F11300A735E5 /* LaunchScreen.storyboard */; };
		E84DCD011FA7488900A735E5 /* DroppablePin.swift in Sources */ = {isa = PBXBuildFile; fileRef = E84DCD001FA7488900A735E5 /* DroppablePin.swift */; };
		E84DCD031FA7913300A735E5 /* PhotoCell.swift in Sources */ = {isa = PBXBuildFile; fileRef = E84DCD021FA7913300A735E5 /* PhotoCell.swift */; };
		E886D72A1FA8CB4200D28062 /* Constants.swift in Sources */ = {isa = PBXBuildFile; fileRef = E886D7291FA8CB4200D28062 /* Constants.swift */; };
		E8C3AB811FA8E1A5004883B9 /* PopVC.swift in Sources */ = {isa = PBXBuildFile; fileRef = E8C3AB801FA8E1A5004883B9 /* PopVC.swift */; };
/* End PBXBuildFile section */

/* Begin PBXFileReference section */
		792400DF75CA1FD1824A010F /* Pods-photo-city.release.xcconfig */ = {isa = PBXFileReference; includeInIndex = 1; lastKnownFileType = text.xcconfig; name = "Pods-photo-city.release.xcconfig"; path = "Pods/Target Support Files/Pods-photo-city/Pods-photo-city.release.xcconfig"; sourceTree = "<group>"; };
		8677A7011A5C6147155E5A25 /* Pods_photo_city.framework */ = {isa = PBXFileReference; explicitFileType = wrapper.framework; includeInIndex = 0; path = Pods_photo_city.framework; sourceTree = BUILT_PRODUCTS_DIR; };
		C7F10C183050378F75E1CA3C /* Pods-photo-city.debug.xcconfig */ = {isa = PBXFileReference; includeInIndex = 1; lastKnownFileType = text.xcconfig; name = "Pods-photo-city.debug.xcconfig"; path = "Pods/Target Support Files/Pods-photo-city/Pods-photo-city.debug.xcconfig"; sourceTree = "<group>"; };
		E84DCCE71FA6F11300A735E5 /* photo-city.app */ = {isa = PBXFileReference; explicitFileType = wrapper.application; includeInIndex = 0; path = "photo-city.app"; sourceTree = BUILT_PRODUCTS_DIR; };
		E84DCCEA1FA6F11300A735E5 /* AppDelegate.swift */ = {isa = PBXFileReference; lastKnownFileType = sourcecode.swift; path = AppDelegate.swift; sourceTree = "<group>"; };
		E84DCCEC1FA6F11300A735E5 /* MapVC.swift */ = {isa = PBXFileReference; lastKnownFileType = sourcecode.swift; path = MapVC.swift; sourceTree = "<group>"; };
		E84DCCEF1FA6F11300A735E5 /* Base */ = {isa = PBXFileReference; lastKnownFileType = file.storyboard; name = Base; path = Base.lproj/Main.storyboard; sourceTree = "<group>"; };
		E84DCCF11FA6F11300A735E5 /* Assets.xcassets */ = {isa = PBXFileReference; lastKnownFileType = folder.assetcatalog; path = Assets.xcassets; sourceTree = "<group>"; };
		E84DCCF41FA6F11300A735E5 /* Base */ = {isa = PBXFileReference; lastKnownFileType = file.storyboard; name = Base; path = Base.lproj/LaunchScreen.storyboard; sourceTree = "<group>"; };
		E84DCCF61FA6F11300A735E5 /* Info.plist */ = {isa = PBXFileReference; lastKnownFileType = text.plist.xml; path = Info.plist; sourceTree = "<group>"; };
		E84DCD001FA7488900A735E5 /* DroppablePin.swift */ = {isa = PBXFileReference; lastKnownFileType = sourcecode.swift; path = DroppablePin.swift; sourceTree = "<group>"; };
		E84DCD021FA7913300A735E5 /* PhotoCell.swift */ = {isa = PBXFileReference; lastKnownFileType = sourcecode.swift; path = PhotoCell.swift; sourceTree = "<group>"; };
		E886D7291FA8CB4200D28062 /* Constants.swift */ = {isa = PBXFileReference; lastKnownFileType = sourcecode.swift; path = Constants.swift; sourceTree = "<group>"; };
		E8C3AB801FA8E1A5004883B9 /* PopVC.swift */ = {isa = PBXFileReference; lastKnownFileType = sourcecode.swift; path = PopVC.swift; sourceTree = "<group>"; };
/* End PBXFileReference section */

/* Begin PBXFrameworksBuildPhase section */
		E84DCCE41FA6F11300A735E5 /* Frameworks */ = {
			isa = PBXFrameworksBuildPhase;
			buildActionMask = 2147483647;
			files = (
				746DF578571205D17056C65C /* Pods_photo_city.framework in Frameworks */,
			);
			runOnlyForDeploymentPostprocessing = 0;
		};
/* End PBXFrameworksBuildPhase section */

/* Begin PBXGroup section */
		AD88ACE299655DCCF732BE3D /* Pods */ = {
			isa = PBXGroup;
			children = (
				C7F10C183050378F75E1CA3C /* Pods-photo-city.debug.xcconfig */,
				792400DF75CA1FD1824A010F /* Pods-photo-city.release.xcconfig */,
			);
			name = Pods;
			sourceTree = "<group>";
		};
		BC5529F9E4D96C2D86FEC1AA /* Frameworks */ = {
			isa = PBXGroup;
			children = (
				8677A7011A5C6147155E5A25 /* Pods_photo_city.framework */,
			);
			name = Frameworks;
			sourceTree = "<group>";
		};
		E84DCCDE1FA6F11300A735E5 = {
			isa = PBXGroup;
			children = (
				E84DCCE91FA6F11300A735E5 /* photo-city */,
				E84DCCE81FA6F11300A735E5 /* Products */,
				AD88ACE299655DCCF732BE3D /* Pods */,
				BC5529F9E4D96C2D86FEC1AA /* Frameworks */,
			);
			sourceTree = "<group>";
		};
		E84DCCE81FA6F11300A735E5 /* Products */ = {
			isa = PBXGroup;
			children = (
				E84DCCE71FA6F11300A735E5 /* photo-city.app */,
			);
			name = Products;
			sourceTree = "<group>";
		};
		E84DCCE91FA6F11300A735E5 /* photo-city */ = {
			isa = PBXGroup;
			children = (
				E84DCCFF1FA6F16D00A735E5 /* Utitles */,
				E84DCCFE1FA6F15900A735E5 /* Extensions */,
				E84DCCFD1FA6F15300A735E5 /* View */,
				E84DCCFC1FA6F14A00A735E5 /* Controller */,
				E84DCCEA1FA6F11300A735E5 /* AppDelegate.swift */,
				E84DCCEE1FA6F11300A735E5 /* Main.storyboard */,
				E84DCCF11FA6F11300A735E5 /* Assets.xcassets */,
				E84DCCF31FA6F11300A735E5 /* LaunchScreen.storyboard */,
				E84DCCF61FA6F11300A735E5 /* Info.plist */,
			);
			path = "photo-city";
			sourceTree = "<group>";
		};
		E84DCCFC1FA6F14A00A735E5 /* Controller */ = {
			isa = PBXGroup;
			children = (
				E84DCCEC1FA6F11300A735E5 /* MapVC.swift */,
				E8C3AB801FA8E1A5004883B9 /* PopVC.swift */,
			);
			path = Controller;
			sourceTree = "<group>";
		};
		E84DCCFD1FA6F15300A735E5 /* View */ = {
			isa = PBXGroup;
			children = (
				E84DCD001FA7488900A735E5 /* DroppablePin.swift */,
				E84DCD021FA7913300A735E5 /* PhotoCell.swift */,
			);
			path = View;
			sourceTree = "<group>";
		};
		E84DCCFE1FA6F15900A735E5 /* Extensions */ = {
			isa = PBXGroup;
			children = (
			);
			path = Extensions;
			sourceTree = "<group>";
		};
		E84DCCFF1FA6F16D00A735E5 /* Utitles */ = {
			isa = PBXGroup;
			children = (
				E886D7291FA8CB4200D28062 /* Constants.swift */,
			);
			path = Utitles;
			sourceTree = "<group>";
		};
/* End PBXGroup section */

/* Begin PBXNativeTarget section */
		E84DCCE61FA6F11300A735E5 /* photo-city */ = {
			isa = PBXNativeTarget;
			buildConfigurationList = E84DCCF91FA6F11300A735E5 /* Build configuration list for PBXNativeTarget "photo-city" */;
			buildPhases = (
				2EE325A56A7E3069BC676F16 /* [CP] Check Pods Manifest.lock */,
				E84DCCE31FA6F11300A735E5 /* Sources */,
				E84DCCE41FA6F11300A735E5 /* Frameworks */,
				E84DCCE51FA6F11300A735E5 /* Resources */,
				544470AAF2F46BA8110EEAB4 /* [CP] Embed Pods Frameworks */,
				34936635796601235C7D1272 /* [CP] Copy Pods Resources */,
			);
			buildRules = (
			);
			dependencies = (
			);
			name = "photo-city";
			productName = "photo-city";
			productReference = E84DCCE71FA6F11300A735E5 /* photo-city.app */;
			productType = "com.apple.product-type.application";
		};
/* End PBXNativeTarget section */

/* Begin PBXProject section */
		E84DCCDF1FA6F11300A735E5 /* Project object */ = {
			isa = PBXProject;
			attributes = {
				LastSwiftUpdateCheck = 0900;
				LastUpgradeCheck = 0900;
				ORGANIZATIONNAME = AndyWu;
				TargetAttributes = {
					E84DCCE61FA6F11300A735E5 = {
						CreatedOnToolsVersion = 9.0.1;
						ProvisioningStyle = Automatic;
					};
				};
			};
			buildConfigurationList = E84DCCE21FA6F11300A735E5 /* Build configuration list for PBXProject "photo-city" */;
			compatibilityVersion = "Xcode 8.0";
			developmentRegion = en;
			hasScannedForEncodings = 0;
			knownRegions = (
				en,
				Base,
			);
			mainGroup = E84DCCDE1FA6F11300A735E5;
			productRefGroup = E84DCCE81FA6F11300A735E5 /* Products */;
			projectDirPath = "";
			projectRoot = "";
			targets = (
				E84DCCE61FA6F11300A735E5 /* photo-city */,
			);
		};
/* End PBXProject section */

/* Begin PBXResourcesBuildPhase section */
		E84DCCE51FA6F11300A735E5 /* Resources */ = {
			isa = PBXResourcesBuildPhase;
			buildActionMask = 2147483647;
			files = (
				E84DCCF51FA6F11300A735E5 /* LaunchScreen.storyboard in Resources */,
				E84DCCF21FA6F11300A735E5 /* Assets.xcassets in Resources */,
				E84DCCF01FA6F11300A735E5 /* Main.storyboard in Resources */,
			);
			runOnlyForDeploymentPostprocessing = 0;
		};
/* End PBXResourcesBuildPhase section */

/* Begin PBXShellScriptBuildPhase section */
		2EE325A56A7E3069BC676F16 /* [CP] Check Pods Manifest.lock */ = {
			isa = PBXShellScriptBuildPhase;
			buildActionMask = 2147483647;
			files = (
			);
			inputPaths = (
				"${PODS_PODFILE_DIR_PATH}/Podfile.lock",
				"${PODS_ROOT}/Manifest.lock",
			);
			name = "[CP] Check Pods Manifest.lock";
			outputPaths = (
				"$(DERIVED_FILE_DIR)/Pods-photo-city-checkManifestLockResult.txt",
			);
			runOnlyForDeploymentPostprocessing = 0;
			shellPath = /bin/sh;
			shellScript = "diff \"${PODS_PODFILE_DIR_PATH}/Podfile.lock\" \"${PODS_ROOT}/Manifest.lock\" > /dev/null\nif [ $? != 0 ] ; then\n    # print error to STDERR\n    echo \"error: The sandbox is not in sync with the Podfile.lock. Run 'pod install' or update your CocoaPods installation.\" >&2\n    exit 1\nfi\n# This output is used by Xcode 'outputs' to avoid re-running this script phase.\necho \"SUCCESS\" > \"${SCRIPT_OUTPUT_FILE_0}\"\n";
			showEnvVarsInLog = 0;
		};
		34936635796601235C7D1272 /* [CP] Copy Pods Resources */ = {
			isa = PBXShellScriptBuildPhase;
			buildActionMask = 2147483647;
			files = (
			);
			inputPaths = (
			);
			name = "[CP] Copy Pods Resources";
			outputPaths = (
			);
			runOnlyForDeploymentPostprocessing = 0;
			shellPath = /bin/sh;
			shellScript = "\"${SRCROOT}/Pods/Target Support Files/Pods-photo-city/Pods-photo-city-resources.sh\"\n";
			showEnvVarsInLog = 0;
		};
		544470AAF2F46BA8110EEAB4 /* [CP] Embed Pods Frameworks */ = {
			isa = PBXShellScriptBuildPhase;
			buildActionMask = 2147483647;
			files = (
			);
			inputPaths = (
				"${SRCROOT}/Pods/Target Support Files/Pods-photo-city/Pods-photo-city-frameworks.sh",
				"${BUILT_PRODUCTS_DIR}/Alamofire/Alamofire.framework",
				"${BUILT_PRODUCTS_DIR}/AlamofireImage/AlamofireImage.framework",
				"${BUILT_PRODUCTS_DIR}/PinterestLayout/PinterestLayout.framework",
			);
			name = "[CP] Embed Pods Frameworks";
			outputPaths = (
				"${TARGET_BUILD_DIR}/${FRAMEWORKS_FOLDER_PATH}/Alamofire.framework",
				"${TARGET_BUILD_DIR}/${FRAMEWORKS_FOLDER_PATH}/AlamofireImage.framework",
				"${TARGET_BUILD_DIR}/${FRAMEWORKS_FOLDER_PATH}/PinterestLayout.framework",
			);
			runOnlyForDeploymentPostprocessing = 0;
			shellPath = /bin/sh;
			shellScript = "\"${SRCROOT}/Pods/Target Support Files/Pods-photo-city/Pods-photo-city-frameworks.sh\"\n";
			showEnvVarsInLog = 0;
		};
/* End PBXShellScriptBuildPhase section */

/* Begin PBXSourcesBuildPhase section */
		E84DCCE31FA6F11300A735E5 /* Sources */ = {
			isa = PBXSourcesBuildPhase;
			buildActionMask = 2147483647;
			files = (
				E8C3AB811FA8E1A5004883B9 /* PopVC.swift in Sources */,
				E886D72A1FA8CB4200D28062 /* Constants.swift in Sources */,
				E84DCD031FA7913300A735E5 /* PhotoCell.swift in Sources */,
				E84DCCED1FA6F11300A735E5 /* MapVC.swift in Sources */,
				E84DCD011FA7488900A735E5 /* DroppablePin.swift in Sources */,
				E84DCCEB1FA6F11300A735E5 /* AppDelegate.swift in Sources */,
			);
			runOnlyForDeploymentPostprocessing = 0;
		};
/* End PBXSourcesBuildPhase section */

/* Begin PBXVariantGroup section */
		E84DCCEE1FA6F11300A735E5 /* Main.storyboard */ = {
			isa = PBXVariantGroup;
			children = (
				E84DCCEF1FA6F11300A735E5 /* Base */,
			);
			name = Main.storyboard;
			sourceTree = "<group>";
		};
		E84DCCF31FA6F11300A735E5 /* LaunchScreen.storyboard */ = {
			isa = PBXVariantGroup;
			children = (
				E84DCCF41FA6F11300A735E5 /* Base */,
			);
			name = LaunchScreen.storyboard;
			sourceTree = "<group>";
		};
/* End PBXVariantGroup section */

/* Begin XCBuildConfiguration section */
		E84DCCF71FA6F11300A735E5 /* Debug */ = {
			isa = XCBuildConfiguration;
			buildSettings = {
				ALWAYS_SEARCH_USER_PATHS = NO;
				CLANG_ANALYZER_NONNULL = YES;
				CLANG_ANALYZER_NUMBER_OBJECT_CONVERSION = YES_AGGRESSIVE;
				CLANG_CXX_LANGUAGE_STANDARD = "gnu++14";
				CLANG_CXX_LIBRARY = "libc++";
				CLANG_ENABLE_MODULES = YES;
				CLANG_ENABLE_OBJC_ARC = YES;
				CLANG_WARN_BLOCK_CAPTURE_AUTORELEASING = YES;
				CLANG_WARN_BOOL_CONVERSION = YES;
				CLANG_WARN_COMMA = YES;
				CLANG_WARN_CONSTANT_CONVERSION = YES;
				CLANG_WARN_DIRECT_OBJC_ISA_USAGE = YES_ERROR;
				CLANG_WARN_DOCUMENTATION_COMMENTS = YES;
				CLANG_WARN_EMPTY_BODY = YES;
				CLANG_WARN_ENUM_CONVERSION = YES;
				CLANG_WARN_INFINITE_RECURSION = YES;
				CLANG_WARN_INT_CONVERSION = YES;
				CLANG_WARN_NON_LITERAL_NULL_CONVERSION = YES;
				CLANG_WARN_OBJC_LITERAL_CONVERSION = YES;
				CLANG_WARN_OBJC_ROOT_CLASS = YES_ERROR;
				CLANG_WARN_RANGE_LOOP_ANALYSIS = YES;
				CLANG_WARN_STRICT_PROTOTYPES = YES;
				CLANG_WARN_SUSPICIOUS_MOVE = YES;
				CLANG_WARN_UNGUARDED_AVAILABILITY = YES_AGGRESSIVE;
				CLANG_WARN_UNREACHABLE_CODE = YES;
				CLANG_WARN__DUPLICATE_METHOD_MATCH = YES;
				CODE_SIGN_IDENTITY = "iPhone Developer";
				COPY_PHASE_STRIP = NO;
				DEBUG_INFORMATION_FORMAT = dwarf;
				ENABLE_STRICT_OBJC_MSGSEND = YES;
				ENABLE_TESTABILITY = YES;
				GCC_C_LANGUAGE_STANDARD = gnu11;
				GCC_DYNAMIC_NO_PIC = NO;
				GCC_NO_COMMON_BLOCKS = YES;
				GCC_OPTIMIZATION_LEVEL = 0;
				GCC_PREPROCESSOR_DEFINITIONS = (
					"DEBUG=1",
					"$(inherited)",
				);
				GCC_WARN_64_TO_32_BIT_CONVERSION = YES;
				GCC_WARN_ABOUT_RETURN_TYPE = YES_ERROR;
				GCC_WARN_UNDECLARED_SELECTOR = YES;
				GCC_WARN_UNINITIALIZED_AUTOS = YES_AGGRESSIVE;
				GCC_WARN_UNUSED_FUNCTION = YES;
				GCC_WARN_UNUSED_VARIABLE = YES;
				IPHONEOS_DEPLOYMENT_TARGET = 11.0;
				MTL_ENABLE_DEBUG_INFO = YES;
				ONLY_ACTIVE_ARCH = YES;
				SDKROOT = iphoneos;
				SWIFT_ACTIVE_COMPILATION_CONDITIONS = DEBUG;
				SWIFT_OPTIMIZATION_LEVEL = "-Onone";
			};
			name = Debug;
		};
		E84DCCF81FA6F11300A735E5 /* Release */ = {
			isa = XCBuildConfiguration;
			buildSettings = {
				ALWAYS_SEARCH_USER_PATHS = NO;
				CLANG_ANALYZER_NONNULL = YES;
				CLANG_ANALYZER_NUMBER_OBJECT_CONVERSION = YES_AGGRESSIVE;
				CLANG_CXX_LANGUAGE_STANDARD = "gnu++14";
				CLANG_CXX_LIBRARY = "libc++";
				CLANG_ENABLE_MODULES = YES;
				CLANG_ENABLE_OBJC_ARC = YES;
				CLANG_WARN_BLOCK_CAPTURE_AUTORELEASING = YES;
				CLANG_WARN_BOOL_CONVERSION = YES;
				CLANG_WARN_COMMA = YES;
				CLANG_WARN_CONSTANT_CONVERSION = YES;
				CLANG_WARN_DIRECT_OBJC_ISA_USAGE = YES_ERROR;
				CLANG_WARN_DOCUMENTATION_COMMENTS = YES;
				CLANG_WARN_EMPTY_BODY = YES;
				CLANG_WARN_ENUM_CONVERSION = YES;
				CLANG_WARN_INFINITE_RECURSION = YES;
				CLANG_WARN_INT_CONVERSION = YES;
				CLANG_WARN_NON_LITERAL_NULL_CONVERSION = YES;
				CLANG_WARN_OBJC_LITERAL_CONVERSION = YES;
				CLANG_WARN_OBJC_ROOT_CLASS = YES_ERROR;
				CLANG_WARN_RANGE_LOOP_ANALYSIS = YES;
				CLANG_WARN_STRICT_PROTOTYPES = YES;
				CLANG_WARN_SUSPICIOUS_MOVE = YES;
				CLANG_WARN_UNGUARDED_AVAILABILITY = YES_AGGRESSIVE;
				CLANG_WARN_UNREACHABLE_CODE = YES;
				CLANG_WARN__DUPLICATE_METHOD_MATCH = YES;
				CODE_SIGN_IDENTITY = "iPhone Developer";
				COPY_PHASE_STRIP = NO;
				DEBUG_INFORMATION_FORMAT = "dwarf-with-dsym";
				ENABLE_NS_ASSERTIONS = NO;
				ENABLE_STRICT_OBJC_MSGSEND = YES;
				GCC_C_LANGUAGE_STANDARD = gnu11;
				GCC_NO_COMMON_BLOCKS = YES;
				GCC_WARN_64_TO_32_BIT_CONVERSION = YES;
				GCC_WARN_ABOUT_RETURN_TYPE = YES_ERROR;
				GCC_WARN_UNDECLARED_SELECTOR = YES;
				GCC_WARN_UNINITIALIZED_AUTOS = YES_AGGRESSIVE;
				GCC_WARN_UNUSED_FUNCTION = YES;
				GCC_WARN_UNUSED_VARIABLE = YES;
				IPHONEOS_DEPLOYMENT_TARGET = 11.0;
				MTL_ENABLE_DEBUG_INFO = NO;
				SDKROOT = iphoneos;
				SWIFT_OPTIMIZATION_LEVEL = "-Owholemodule";
				VALIDATE_PRODUCT = YES;
			};
			name = Release;
		};
		E84DCCFA1FA6F11300A735E5 /* Debug */ = {
			isa = XCBuildConfiguration;
			baseConfigurationReference = C7F10C183050378F75E1CA3C /* Pods-photo-city.debug.xcconfig */;
			buildSettings = {
				ASSETCATALOG_COMPILER_APPICON_NAME = AppIcon;
				CODE_SIGN_STYLE = Automatic;
				DEVELOPMENT_TEAM = XYPDXK3E6M;
				INFOPLIST_FILE = "photo-city/Info.plist";
				IPHONEOS_DEPLOYMENT_TARGET = 9.0;
				LD_RUNPATH_SEARCH_PATHS = "$(inherited) @executable_path/Frameworks";
				PRODUCT_BUNDLE_IDENTIFIER = "takmingmis.photo-city";
				PRODUCT_NAME = "$(TARGET_NAME)";
				SWIFT_VERSION = 4.0;
				TARGETED_DEVICE_FAMILY = "1,2";
			};
			name = Debug;
		};
		E84DCCFB1FA6F11300A735E5 /* Release */ = {
			isa = XCBuildConfiguration;
			baseConfigurationReference = 792400DF75CA1FD1824A010F /* Pods-photo-city.release.xcconfig */;
			buildSettings = {
				ASSETCATALOG_COMPILER_APPICON_NAME = AppIcon;
				CODE_SIGN_STYLE = Automatic;
				DEVELOPMENT_TEAM = XYPDXK3E6M;
				INFOPLIST_FILE = "photo-city/Info.plist";
				IPHONEOS_DEPLOYMENT_TARGET = 9.0;
				LD_RUNPATH_SEARCH_PATHS = "$(inherited) @executable_path/Frameworks";
				PRODUCT_BUNDLE_IDENTIFIER = "takmingmis.photo-city";
				PRODUCT_NAME = "$(TARGET_NAME)";
				SWIFT_VERSION = 4.0;
				TARGETED_DEVICE_FAMILY = "1,2";
			};
			name = Release;
		};
/* End XCBuildConfiguration section */

/* Begin XCConfigurationList section */
		E84DCCE21FA6F11300A735E5 /* Build configuration list for PBXProject "photo-city" */ = {
			isa = XCConfigurationList;
			buildConfigurations = (
				E84DCCF71FA6F11300A735E5 /* Debug */,
				E84DCCF81FA6F11300A735E5 /* Release */,
			);
			defaultConfigurationIsVisible = 0;
			defaultConfigurationName = Release;
		};
		E84DCCF91FA6F11300A735E5 /* Build configuration list for PBXNativeTarget "photo-city" */ = {
			isa = XCConfigurationList;
			buildConfigurations = (
				E84DCCFA1FA6F11300A735E5 /* Debug */,
				E84DCCFB1FA6F11300A735E5 /* Release */,
			);
			defaultConfigurationIsVisible = 0;
			defaultConfigurationName = Release;
		};
/* End XCConfigurationList section */
	};
	rootObject = E84DCCDF1FA6F11300A735E5 /* Project object */;
}
